
Microsoft Visual Studio Solution File, Format Version 12.00
# Visual Studio Version 17
VisualStudioVersion = 17.0.31903.59
MinimumVisualStudioVersion = 10.0.40219.1
Project("{FAE04EC0-301F-11D3-BF4B-00C04F79EFBC}") = "Statue", "Statue\Statue.csproj", "{76A8DB52-6483-4465-9823-9FB092AEB50E}"
EndProject
Project("{FAE04EC0-301F-11D3-BF4B-00C04F79EFBC}") = "StatueTest", "StatueTest\StatueTest.csproj", "{C55804B2-E5D9-497B-866C-C1B9024AC9D7}"
EndProject
Global
	GlobalSection(SolutionConfigurationPlatforms) = preSolution
		Debug|Any CPU = Debug|Any CPU
		Release|Any CPU = Release|Any CPU
	EndGlobalSection
	GlobalSection(SolutionProperties) = preSolution
		HideSolutionNode = FALSE
	EndGlobalSection
	GlobalSection(ProjectConfigurationPlatforms) = postSolution
		{76A8DB52-6483-4465-9823-9FB092AEB50E}.Debug|Any CPU.ActiveCfg = Debug|Any CPU
		{76A8DB52-6483-4465-9823-9FB092AEB50E}.Debug|Any CPU.Build.0 = Debug|Any CPU
		{76A8DB52-6483-4465-9823-9FB092AEB50E}.Release|Any CPU.ActiveCfg = Release|Any CPU
		{76A8DB52-6483-4465-9823-9FB092AEB50E}.Release|Any CPU.Build.0 = Release|Any CPU
		{C55804B2-E5D9-497B-866C-C1B9024AC9D7}.Debug|Any CPU.ActiveCfg = Debug|Any CPU
		{C55804B2-E5D9-497B-866C-C1B9024AC9D7}.Debug|Any CPU.Build.0 = Debug|Any CPU
		{C55804B2-E5D9-497B-866C-C1B9024AC9D7}.Release|Any CPU.ActiveCfg = Release|Any CPU
		{C55804B2-E5D9-497B-866C-C1B9024AC9D7}.Release|Any CPU.Build.0 = Release|Any CPU
	EndGlobalSection
EndGlobal
